
Microsoft Visual Studio Solution File, Format Version 12.00
# Visual Studio 14
VisualStudioVersion = 14.0.23107.0
MinimumVisualStudioVersion = 10.0.40219.1
Project("{FAE04EC0-301F-11D3-BF4B-00C04F79EFBC}") = "EC", "EC\EC.csproj", "{D2EF0FFC-B99F-4C7E-B903-12AE2D3EC4F1}"
EndProject
Project("{FAE04EC0-301F-11D3-BF4B-00C04F79EFBC}") = "EC.Tests", "EC.Tests\EC.Tests.csproj", "{9B77256F-A40D-4413-A52D-8DDD99BC802F}"
EndProject
Global
	GlobalSection(SolutionConfigurationPlatforms) = preSolution
		Debug|Any CPU = Debug|Any CPU
		Release|Any CPU = Release|Any CPU
	EndGlobalSection
	GlobalSection(ProjectConfigurationPlatforms) = postSolution
		{D2EF0FFC-B99F-4C7E-B903-12AE2D3EC4F1}.Debug|Any CPU.ActiveCfg = Debug|Any CPU
		{D2EF0FFC-B99F-4C7E-B903-12AE2D3EC4F1}.Debug|Any CPU.Build.0 = Debug|Any CPU
		{D2EF0FFC-B99F-4C7E-B903-12AE2D3EC4F1}.Release|Any CPU.ActiveCfg = Release|Any CPU
		{D2EF0FFC-B99F-4C7E-B903-12AE2D3EC4F1}.Release|Any CPU.Build.0 = Release|Any CPU
		{9B77256F-A40D-4413-A52D-8DDD99BC802F}.Debug|Any CPU.ActiveCfg = Debug|Any CPU
		{9B77256F-A40D-4413-A52D-8DDD99BC802F}.Debug|Any CPU.Build.0 = Debug|Any CPU
		{9B77256F-A40D-4413-A52D-8DDD99BC802F}.Release|Any CPU.ActiveCfg = Release|Any CPU
		{9B77256F-A40D-4413-A52D-8DDD99BC802F}.Release|Any CPU.Build.0 = Release|Any CPU
	EndGlobalSection
	GlobalSection(SolutionProperties) = preSolution
		HideSolutionNode = FALSE
	EndGlobalSection
EndGlobal
